
Microsoft Visual Studio Solution File, Format Version 12.00
# Visual Studio Version 17
VisualStudioVersion = 17.13.35716.79 d17.13
MinimumVisualStudioVersion = 10.0.40219.1
Project("{FAE04EC0-301F-11D3-BF4B-00C04F79EFBC}") = "Rezultati", "Rezultati\Rezultati.csproj", "{34A721DA-8C82-4E76-9D3D-6E1709594AED}"
EndProject
Global
	GlobalSection(SolutionConfigurationPlatforms) = preSolution
		Debug|Any CPU = Debug|Any CPU
		Release|Any CPU = Release|Any CPU
	EndGlobalSection
	GlobalSection(ProjectConfigurationPlatforms) = postSolution
		{34A721DA-8C82-4E76-9D3D-6E1709594AED}.Debug|Any CPU.ActiveCfg = Debug|Any CPU
		{34A721DA-8C82-4E76-9D3D-6E1709594AED}.Debug|Any CPU.Build.0 = Debug|Any CPU
		{34A721DA-8C82-4E76-9D3D-6E1709594AED}.Release|Any CPU.ActiveCfg = Release|Any CPU
		{34A721DA-8C82-4E76-9D3D-6E1709594AED}.Release|Any CPU.Build.0 = Release|Any CPU
	EndGlobalSection
	GlobalSection(SolutionProperties) = preSolution
		HideSolutionNode = FALSE
	EndGlobalSection
	GlobalSection(ExtensibilityGlobals) = postSolution
		SolutionGuid = {8D25DAA7-3253-4637-8685-0C2379181241}
	EndGlobalSection
EndGlobal
